
Microsoft Visual Studio Solution File, Format Version 12.00
# Visual Studio Version 16
VisualStudioVersion = 16.0.31129.286
MinimumVisualStudioVersion = 10.0.40219.1
Project("{FAE04EC0-301F-11D3-BF4B-00C04F79EFBC}") = "RealEstateBroker", "RealEstateBroker.csproj", "{931FD73F-0689-43E2-BA57-F10A8F65335F}"
EndProject
Project("{9A19103F-16F7-4668-BE54-9A1E7A4F7556}") = "ConsoleApp2", "..\ConsoleApp2\ConsoleApp2.csproj", "{7132FEF5-1FE8-496F-9829-C9BA789ABF64}"
EndProject
Global
	GlobalSection(SolutionConfigurationPlatforms) = preSolution
		Debug|Any CPU = Debug|Any CPU
		Release|Any CPU = Release|Any CPU
	EndGlobalSection
	GlobalSection(ProjectConfigurationPlatforms) = postSolution
		{931FD73F-0689-43E2-BA57-F10A8F65335F}.Debug|Any CPU.ActiveCfg = Debug|Any CPU
		{931FD73F-0689-43E2-BA57-F10A8F65335F}.Debug|Any CPU.Build.0 = Debug|Any CPU
		{931FD73F-0689-43E2-BA57-F10A8F65335F}.Release|Any CPU.ActiveCfg = Release|Any CPU
		{931FD73F-0689-43E2-BA57-F10A8F65335F}.Release|Any CPU.Build.0 = Release|Any CPU
		{7132FEF5-1FE8-496F-9829-C9BA789ABF64}.Debug|Any CPU.ActiveCfg = Debug|Any CPU
		{7132FEF5-1FE8-496F-9829-C9BA789ABF64}.Debug|Any CPU.Build.0 = Debug|Any CPU
		{7132FEF5-1FE8-496F-9829-C9BA789ABF64}.Release|Any CPU.ActiveCfg = Release|Any CPU
		{7132FEF5-1FE8-496F-9829-C9BA789ABF64}.Release|Any CPU.Build.0 = Release|Any CPU
	EndGlobalSection
	GlobalSection(SolutionProperties) = preSolution
		HideSolutionNode = FALSE
	EndGlobalSection
	GlobalSection(ExtensibilityGlobals) = postSolution
		SolutionGuid = {516237E7-D3F1-4EED-BA0D-6D79CD5D47B0}
	EndGlobalSection
EndGlobal
